
Microsoft Visual Studio Solution File, Format Version 12.00
# Visual Studio Version 17
VisualStudioVersion = 17.11.35327.3
MinimumVisualStudioVersion = 10.0.40219.1
Project("{FAE04EC0-301F-11D3-BF4B-00C04F79EFBC}") = "Calculator", "Calculator\Calculator.csproj", "{D89F4C5F-2B8A-4A9D-A79A-EC8C7325DC60}"
EndProject
Project("{FAE04EC0-301F-11D3-BF4B-00C04F79EFBC}") = "CalculatorLibrary", "CalculatorLibrary\CalculatorLibrary.csproj", "{D4F3810E-8937-4316-9CA8-23C384A3859A}"
EndProject
Global
	GlobalSection(SolutionConfigurationPlatforms) = preSolution
		Debug|Any CPU = Debug|Any CPU
		Release|Any CPU = Release|Any CPU
	EndGlobalSection
	GlobalSection(ProjectConfigurationPlatforms) = postSolution
		{D89F4C5F-2B8A-4A9D-A79A-EC8C7325DC60}.Debug|Any CPU.ActiveCfg = Debug|Any CPU
		{D89F4C5F-2B8A-4A9D-A79A-EC8C7325DC60}.Debug|Any CPU.Build.0 = Debug|Any CPU
		{D89F4C5F-2B8A-4A9D-A79A-EC8C7325DC60}.Release|Any CPU.ActiveCfg = Release|Any CPU
		{D89F4C5F-2B8A-4A9D-A79A-EC8C7325DC60}.Release|Any CPU.Build.0 = Release|Any CPU
		{D4F3810E-8937-4316-9CA8-23C384A3859A}.Debug|Any CPU.ActiveCfg = Debug|Any CPU
		{D4F3810E-8937-4316-9CA8-23C384A3859A}.Debug|Any CPU.Build.0 = Debug|Any CPU
		{D4F3810E-8937-4316-9CA8-23C384A3859A}.Release|Any CPU.ActiveCfg = Release|Any CPU
		{D4F3810E-8937-4316-9CA8-23C384A3859A}.Release|Any CPU.Build.0 = Release|Any CPU
	EndGlobalSection
	GlobalSection(SolutionProperties) = preSolution
		HideSolutionNode = FALSE
	EndGlobalSection
	GlobalSection(ExtensibilityGlobals) = postSolution
		SolutionGuid = {D683280D-59BF-45AC-83C2-2D24B4EC83B8}
	EndGlobalSection
EndGlobal
